
Microsoft Visual Studio Solution File, Format Version 12.00
# Visual Studio 15
VisualStudioVersion = 15.0.28307.960
MinimumVisualStudioVersion = 10.0.40219.1
Project("{FAE04EC0-301F-11D3-BF4B-00C04F79EFBC}") = "WebApiBasket", "WebApiBasket\WebApiBasket.csproj", "{2087693F-D5F6-4DEF-9C71-83427E72576D}"
EndProject
Project("{FAE04EC0-301F-11D3-BF4B-00C04F79EFBC}") = "WebApiBasket.Tests", "WebApiBasket.Tests\WebApiBasket.Tests.csproj", "{38C0F929-BB8C-48BE-8E67-A9FF0D0C77AE}"
EndProject
Global
	GlobalSection(SolutionConfigurationPlatforms) = preSolution
		Debug|Any CPU = Debug|Any CPU
		Release|Any CPU = Release|Any CPU
	EndGlobalSection
	GlobalSection(ProjectConfigurationPlatforms) = postSolution
		{2087693F-D5F6-4DEF-9C71-83427E72576D}.Debug|Any CPU.ActiveCfg = Debug|Any CPU
		{2087693F-D5F6-4DEF-9C71-83427E72576D}.Debug|Any CPU.Build.0 = Debug|Any CPU
		{2087693F-D5F6-4DEF-9C71-83427E72576D}.Release|Any CPU.ActiveCfg = Release|Any CPU
		{2087693F-D5F6-4DEF-9C71-83427E72576D}.Release|Any CPU.Build.0 = Release|Any CPU
		{38C0F929-BB8C-48BE-8E67-A9FF0D0C77AE}.Debug|Any CPU.ActiveCfg = Debug|Any CPU
		{38C0F929-BB8C-48BE-8E67-A9FF0D0C77AE}.Debug|Any CPU.Build.0 = Debug|Any CPU
		{38C0F929-BB8C-48BE-8E67-A9FF0D0C77AE}.Release|Any CPU.ActiveCfg = Release|Any CPU
		{38C0F929-BB8C-48BE-8E67-A9FF0D0C77AE}.Release|Any CPU.Build.0 = Release|Any CPU
	EndGlobalSection
	GlobalSection(SolutionProperties) = preSolution
		HideSolutionNode = FALSE
	EndGlobalSection
	GlobalSection(ExtensibilityGlobals) = postSolution
		SolutionGuid = {935EE91A-4D1C-4CAC-8584-A5492F549DA9}
	EndGlobalSection
EndGlobal
